<?xml version="1.0" encoding="utf-8"?>
<Project ToolsVersion="4.0" xmlns="http://schemas.microsoft.com/developer/msbuild/2003">
  <ItemGroup>
    <Filter Include="Resource Files">
      <UniqueIdentifier>{67DA6AB6-F800-4c08-8B7A-83BB121AAD01}</UniqueIdentifier>
      <Extensions>rc;ico;cur;bmp;dlg;rc2;rct;bin;rgs;gif;jpg;jpeg;jpe;resx;tiff;tif;png;wav;mfcribbon-ms</Extensions>
    </Filter>
    <Filter Include="Engine Files">
      <UniqueIdentifier>{4FC737F1-C7A5-4376-A066-2A32D752A2FF}</UniqueIdentifier>
      <Extensions>cpp;c;cc;cxx;def;odl;idl;hpj;bat;asm;asmx</Extensions>
    </Filter>
    <Filter Include="Game Files">
      <UniqueIdentifier>{93995380-89BD-4b04-88EB-625FBE52EBFB}</UniqueIdentifier>
      <Extensions>h;hpp;hxx;hm;inl;inc;xsd</Extensions>
    </Filter>
    <Filter Include="Engine Files\Helpers">
      <UniqueIdentifier>{ef61231a-c76b-4a9c-afd3-b59294632772}</UniqueIdentifier>
    </Filter>
    <Filter Include="Engine Files\Basic Geometry">
      <UniqueIdentifier>{1ac6f629-4950-48cf-a2c9-bbbc4d762b90}</UniqueIdentifier>
    </Filter>
    <Filter Include="Shaders">
      <UniqueIdentifier>{1509711c-e39f-44f7-9823-79f75dc2c257}</UniqueIdentifier>
    </Filter>
  </ItemGroup>
  <ItemGroup>
    <ClCompile Include="main.cpp">
      <Filter>Engine Files</Filter>
    </ClCompile>
    <ClCompile Include="Engine.cpp">
      <Filter>Engine Files</Filter>
    </ClCompile>
    <ClCompile Include="AbstractGame.cpp">
      <Filter>Engine Files</Filter>
    </ClCompile>
    <ClCompile Include="Game.cpp">
      <Filter>Game Files</Filter>
    </ClCompile>
    <ClCompile Include="Device.cpp">
      <Filter>Engine Files</Filter>
    </ClCompile>
    <ClCompile Include="Device_D3D.cpp">
      <Filter>Engine Files</Filter>
    </ClCompile>
    <ClCompile Include="ShaderManager.cpp">
      <Filter>Engine Files</Filter>
    </ClCompile>
    <ClCompile Include="GeometryMesh.cpp">
      <Filter>Engine Files</Filter>
    </ClCompile>
    <ClCompile Include="GeometryTriangles.cpp">
      <Filter>Engine Files</Filter>
    </ClCompile>
    <ClCompile Include="Cube.cpp">
      <Filter>Engine Files\Basic Geometry</Filter>
    </ClCompile>
    <ClCompile Include="Camera.cpp">
      <Filter>Engine Files</Filter>
    </ClCompile>
    <ClCompile Include="RenderData.cpp">
      <Filter>Engine Files</Filter>
    </ClCompile>
  </ItemGroup>
  <ItemGroup>
    <ClInclude Include="Engine.h">
      <Filter>Engine Files</Filter>
    </ClInclude>
    <ClInclude Include="Util.h">
      <Filter>Engine Files\Helpers</Filter>
    </ClInclude>
    <ClInclude Include="AbstractGame.h">
      <Filter>Engine Files</Filter>
    </ClInclude>
    <ClInclude Include="Game.h">
      <Filter>Game Files</Filter>
    </ClInclude>
    <ClInclude Include="Device.h">
      <Filter>Engine Files</Filter>
    </ClInclude>
    <ClInclude Include="Device_D3D.h">
      <Filter>Engine Files</Filter>
    </ClInclude>
    <ClInclude Include="ShaderManager.h">
      <Filter>Engine Files</Filter>
    </ClInclude>
    <ClInclude Include="GeometryMesh.h">
      <Filter>Engine Files</Filter>
    </ClInclude>
    <ClInclude Include="GeometryHelper.h">
      <Filter>Engine Files\Helpers</Filter>
    </ClInclude>
    <ClInclude Include="Vertex.h">
      <Filter>Engine Files\Helpers</Filter>
    </ClInclude>
    <ClInclude Include="GeometryTriangles.h">
      <Filter>Engine Files</Filter>
    </ClInclude>
    <ClInclude Include="Cube.h">
      <Filter>Engine Files\Basic Geometry</Filter>
    </ClInclude>
    <ClInclude Include="Camera.h">
      <Filter>Engine Files</Filter>
    </ClInclude>
    <ClInclude Include="RenderData.h">
      <Filter>Engine Files</Filter>
    </ClInclude>
  </ItemGroup>
  <ItemGroup>
    <None Include="shaders.fx">
      <Filter>Shaders</Filter>
    </None>
    <None Include="Shaders\BasicShader.fx">
      <Filter>Shaders</Filter>
    </None>
  </ItemGroup>
</Project>